
Microsoft Visual Studio Solution File, Format Version 12.00
# Visual Studio 2012
Project("{FAE04EC0-301F-11D3-BF4B-00C04F79EFBC}") = "wikiDog", "wikiDog\wikiDog.csproj", "{4A54F245-3AF5-421F-8DDC-B17C64F350C0}"
EndProject
Project("{FAE04EC0-301F-11D3-BF4B-00C04F79EFBC}") = "Dalc", "Dalc\Dalc.csproj", "{AAB3E261-1312-4820-8726-FD98E43DC4EA}"
EndProject
Project("{FAE04EC0-301F-11D3-BF4B-00C04F79EFBC}") = "BE", "BE\BE.csproj", "{2D029479-A540-4E6B-B145-738789EF6FB3}"
EndProject
Project("{FAE04EC0-301F-11D3-BF4B-00C04F79EFBC}") = "BC", "BC\BC.csproj", "{5FC8C039-1B9A-4A02-9D36-3935E9887A30}"
EndProject
Project("{FAE04EC0-301F-11D3-BF4B-00C04F79EFBC}") = "WebServiceWikiDog", "WebServices\WebServiceWikiDog.csproj", "{53AB016A-BDD9-49C4-828B-C3C2C905516D}"
EndProject
Global
	GlobalSection(SolutionConfigurationPlatforms) = preSolution
		Debug|Any CPU = Debug|Any CPU
		Release|Any CPU = Release|Any CPU
	EndGlobalSection
	GlobalSection(ProjectConfigurationPlatforms) = postSolution
		{4A54F245-3AF5-421F-8DDC-B17C64F350C0}.Debug|Any CPU.ActiveCfg = Debug|Any CPU
		{4A54F245-3AF5-421F-8DDC-B17C64F350C0}.Debug|Any CPU.Build.0 = Debug|Any CPU
		{4A54F245-3AF5-421F-8DDC-B17C64F350C0}.Release|Any CPU.ActiveCfg = Release|Any CPU
		{4A54F245-3AF5-421F-8DDC-B17C64F350C0}.Release|Any CPU.Build.0 = Release|Any CPU
		{AAB3E261-1312-4820-8726-FD98E43DC4EA}.Debug|Any CPU.ActiveCfg = Debug|Any CPU
		{AAB3E261-1312-4820-8726-FD98E43DC4EA}.Debug|Any CPU.Build.0 = Debug|Any CPU
		{AAB3E261-1312-4820-8726-FD98E43DC4EA}.Release|Any CPU.ActiveCfg = Release|Any CPU
		{AAB3E261-1312-4820-8726-FD98E43DC4EA}.Release|Any CPU.Build.0 = Release|Any CPU
		{2D029479-A540-4E6B-B145-738789EF6FB3}.Debug|Any CPU.ActiveCfg = Debug|Any CPU
		{2D029479-A540-4E6B-B145-738789EF6FB3}.Debug|Any CPU.Build.0 = Debug|Any CPU
		{2D029479-A540-4E6B-B145-738789EF6FB3}.Release|Any CPU.ActiveCfg = Release|Any CPU
		{2D029479-A540-4E6B-B145-738789EF6FB3}.Release|Any CPU.Build.0 = Release|Any CPU
		{5FC8C039-1B9A-4A02-9D36-3935E9887A30}.Debug|Any CPU.ActiveCfg = Debug|Any CPU
		{5FC8C039-1B9A-4A02-9D36-3935E9887A30}.Debug|Any CPU.Build.0 = Debug|Any CPU
		{5FC8C039-1B9A-4A02-9D36-3935E9887A30}.Release|Any CPU.ActiveCfg = Release|Any CPU
		{5FC8C039-1B9A-4A02-9D36-3935E9887A30}.Release|Any CPU.Build.0 = Release|Any CPU
		{53AB016A-BDD9-49C4-828B-C3C2C905516D}.Debug|Any CPU.ActiveCfg = Debug|Any CPU
		{53AB016A-BDD9-49C4-828B-C3C2C905516D}.Debug|Any CPU.Build.0 = Debug|Any CPU
		{53AB016A-BDD9-49C4-828B-C3C2C905516D}.Release|Any CPU.ActiveCfg = Release|Any CPU
		{53AB016A-BDD9-49C4-828B-C3C2C905516D}.Release|Any CPU.Build.0 = Release|Any CPU
	EndGlobalSection
	GlobalSection(SolutionProperties) = preSolution
		HideSolutionNode = FALSE
	EndGlobalSection
EndGlobal
